// !$*UTF8*$!
{
	archiveVersion = 1;
	classes = {
	};
	objectVersion = 55;
	objects = {

/* Begin PBXBuildFile section */
		4B086A4528D34FB2002EF99B /* WinnerCordenates.swift in Sources */ = {isa = PBXBuildFile; fileRef = 4B086A4428D34FB2002EF99B /* WinnerCordenates.swift */; };
		4B18183228D0F29E001AD9E2 /* TODO.rtf in Resources */ = {isa = PBXBuildFile; fileRef = 4B18183128D0F29E001AD9E2 /* TODO.rtf */; };
		4BAD3CDB28D0D66F001FA70C /* AppDelegate.swift in Sources */ = {isa = PBXBuildFile; fileRef = 4BAD3CDA28D0D66F001FA70C /* AppDelegate.swift */; };
		4BAD3CDD28D0D66F001FA70C /* SceneDelegate.swift in Sources */ = {isa = PBXBuildFile; fileRef = 4BAD3CDC28D0D66F001FA70C /* SceneDelegate.swift */; };
		4BAD3CDF28D0D66F001FA70C /* ViewController.swift in Sources */ = {isa = PBXBuildFile; fileRef = 4BAD3CDE28D0D66F001FA70C /* ViewController.swift */; };
		4BAD3CE228D0D66F001FA70C /* Main.storyboard in Resources */ = {isa = PBXBuildFile; fileRef = 4BAD3CE028D0D66F001FA70C /* Main.storyboard */; };
		4BAD3CE428D0D670001FA70C /* Assets.xcassets in Resources */ = {isa = PBXBuildFile; fileRef = 4BAD3CE328D0D670001FA70C /* Assets.xcassets */; };
		4BAD3CE728D0D670001FA70C /* LaunchScreen.storyboard in Resources */ = {isa = PBXBuildFile; fileRef = 4BAD3CE528D0D670001FA70C /* LaunchScreen.storyboard */; };
		4BAD3CEF28D0D9E8001FA70C /* InGameVC.swift in Sources */ = {isa = PBXBuildFile; fileRef = 4BAD3CEE28D0D9E8001FA70C /* InGameVC.swift */; };
		4BAD3CF128D0E029001FA70C /* Player.swift in Sources */ = {isa = PBXBuildFile; fileRef = 4BAD3CF028D0E029001FA70C /* Player.swift */; };
		4BAD3CF328D0E81C001FA70C /* Game.swift in Sources */ = {isa = PBXBuildFile; fileRef = 4BAD3CF228D0E81C001FA70C /* Game.swift */; };
/* End PBXBuildFile section */

/* Begin PBXFileReference section */
		4B086A4428D34FB2002EF99B /* WinnerCordenates.swift */ = {isa = PBXFileReference; fileEncoding = 4; lastKnownFileType = sourcecode.swift; path = WinnerCordenates.swift; sourceTree = "<group>"; };
		4B18183128D0F29E001AD9E2 /* TODO.rtf */ = {isa = PBXFileReference; lastKnownFileType = text.rtf; path = TODO.rtf; sourceTree = "<group>"; };
		4BAD3CD728D0D66F001FA70C /* OneRowInLine.app */ = {isa = PBXFileReference; explicitFileType = wrapper.application; includeInIndex = 0; path = OneRowInLine.app; sourceTree = BUILT_PRODUCTS_DIR; };
		4BAD3CDA28D0D66F001FA70C /* AppDelegate.swift */ = {isa = PBXFileReference; lastKnownFileType = sourcecode.swift; path = AppDelegate.swift; sourceTree = "<group>"; };
		4BAD3CDC28D0D66F001FA70C /* SceneDelegate.swift */ = {isa = PBXFileReference; lastKnownFileType = sourcecode.swift; path = SceneDelegate.swift; sourceTree = "<group>"; };
		4BAD3CDE28D0D66F001FA70C /* ViewController.swift */ = {isa = PBXFileReference; lastKnownFileType = sourcecode.swift; path = ViewController.swift; sourceTree = "<group>"; };
		4BAD3CE128D0D66F001FA70C /* Base */ = {isa = PBXFileReference; lastKnownFileType = file.storyboard; name = Base; path = Base.lproj/Main.storyboard; sourceTree = "<group>"; };
		4BAD3CE328D0D670001FA70C /* Assets.xcassets */ = {isa = PBXFileReference; lastKnownFileType = folder.assetcatalog; path = Assets.xcassets; sourceTree = "<group>"; };
		4BAD3CE628D0D670001FA70C /* Base */ = {isa = PBXFileReference; lastKnownFileType = file.storyboard; name = Base; path = Base.lproj/LaunchScreen.storyboard; sourceTree = "<group>"; };
		4BAD3CE828D0D670001FA70C /* Info.plist */ = {isa = PBXFileReference; lastKnownFileType = text.plist.xml; path = Info.plist; sourceTree = "<group>"; };
		4BAD3CEE28D0D9E8001FA70C /* InGameVC.swift */ = {isa = PBXFileReference; lastKnownFileType = sourcecode.swift; path = InGameVC.swift; sourceTree = "<group>"; };
		4BAD3CF028D0E029001FA70C /* Player.swift */ = {isa = PBXFileReference; lastKnownFileType = sourcecode.swift; path = Player.swift; sourceTree = "<group>"; };
		4BAD3CF228D0E81C001FA70C /* Game.swift */ = {isa = PBXFileReference; lastKnownFileType = sourcecode.swift; path = Game.swift; sourceTree = "<group>"; };
/* End PBXFileReference section */

/* Begin PBXFrameworksBuildPhase section */
		4BAD3CD428D0D66F001FA70C /* Frameworks */ = {
			isa = PBXFrameworksBuildPhase;
			buildActionMask = 2147483647;
			files = (
			);
			runOnlyForDeploymentPostprocessing = 0;
		};
/* End PBXFrameworksBuildPhase section */

/* Begin PBXGroup section */
		4B086A4328D34E84002EF99B /* Model */ = {
			isa = PBXGroup;
			children = (
				4BAD3CF228D0E81C001FA70C /* Game.swift */,
				4BAD3CF028D0E029001FA70C /* Player.swift */,
				4B086A4428D34FB2002EF99B /* WinnerCordenates.swift */,
			);
			path = Model;
			sourceTree = "<group>";
		};
		4B086A4628D3502B002EF99B /* ViewController */ = {
			isa = PBXGroup;
			children = (
				4BAD3CDE28D0D66F001FA70C /* ViewController.swift */,
				4BAD3CEE28D0D9E8001FA70C /* InGameVC.swift */,
			);
			path = ViewController;
			sourceTree = "<group>";
		};
		4BAD3CCE28D0D66F001FA70C = {
			isa = PBXGroup;
			children = (
				4BAD3CD928D0D66F001FA70C /* OneRowInLine */,
				4BAD3CD828D0D66F001FA70C /* Products */,
			);
			sourceTree = "<group>";
		};
		4BAD3CD828D0D66F001FA70C /* Products */ = {
			isa = PBXGroup;
			children = (
				4BAD3CD728D0D66F001FA70C /* OneRowInLine.app */,
			);
			name = Products;
			sourceTree = "<group>";
		};
		4BAD3CD928D0D66F001FA70C /* OneRowInLine */ = {
			isa = PBXGroup;
			children = (
				4B086A4628D3502B002EF99B /* ViewController */,
				4B086A4328D34E84002EF99B /* Model */,
				4B18183128D0F29E001AD9E2 /* TODO.rtf */,
				4BAD3CDA28D0D66F001FA70C /* AppDelegate.swift */,
				4BAD3CDC28D0D66F001FA70C /* SceneDelegate.swift */,
				4BAD3CE028D0D66F001FA70C /* Main.storyboard */,
				4BAD3CE328D0D670001FA70C /* Assets.xcassets */,
				4BAD3CE528D0D670001FA70C /* LaunchScreen.storyboard */,
				4BAD3CE828D0D670001FA70C /* Info.plist */,
			);
			path = OneRowInLine;
			sourceTree = "<group>";
		};
/* End PBXGroup section */

/* Begin PBXNativeTarget section */
		4BAD3CD628D0D66F001FA70C /* OneRowInLine */ = {
			isa = PBXNativeTarget;
			buildConfigurationList = 4BAD3CEB28D0D670001FA70C /* Build configuration list for PBXNativeTarget "OneRowInLine" */;
			buildPhases = (
				4BAD3CD328D0D66F001FA70C /* Sources */,
				4BAD3CD428D0D66F001FA70C /* Frameworks */,
				4BAD3CD528D0D66F001FA70C /* Resources */,
			);
			buildRules = (
			);
			dependencies = (
			);
			name = OneRowInLine;
			productName = OneRowInLine;
			productReference = 4BAD3CD728D0D66F001FA70C /* OneRowInLine.app */;
			productType = "com.apple.product-type.application";
		};
/* End PBXNativeTarget section */

/* Begin PBXProject section */
		4BAD3CCF28D0D66F001FA70C /* Project object */ = {
			isa = PBXProject;
			attributes = {
				BuildIndependentTargetsInParallel = 1;
				LastSwiftUpdateCheck = 1330;
				LastUpgradeCheck = 1330;
				TargetAttributes = {
					4BAD3CD628D0D66F001FA70C = {
						CreatedOnToolsVersion = 13.3;
					};
				};
			};
			buildConfigurationList = 4BAD3CD228D0D66F001FA70C /* Build configuration list for PBXProject "OneRowInLine" */;
			compatibilityVersion = "Xcode 13.0";
			developmentRegion = en;
			hasScannedForEncodings = 0;
			knownRegions = (
				en,
				Base,
			);
			mainGroup = 4BAD3CCE28D0D66F001FA70C;
			productRefGroup = 4BAD3CD828D0D66F001FA70C /* Products */;
			projectDirPath = "";
			projectRoot = "";
			targets = (
				4BAD3CD628D0D66F001FA70C /* OneRowInLine */,
			);
		};
/* End PBXProject section */

/* Begin PBXResourcesBuildPhase section */
		4BAD3CD528D0D66F001FA70C /* Resources */ = {
			isa = PBXResourcesBuildPhase;
			buildActionMask = 2147483647;
			files = (
				4B18183228D0F29E001AD9E2 /* TODO.rtf in Resources */,
				4BAD3CE728D0D670001FA70C /* LaunchScreen.storyboard in Resources */,
				4BAD3CE428D0D670001FA70C /* Assets.xcassets in Resources */,
				4BAD3CE228D0D66F001FA70C /* Main.storyboard in Resources */,
			);
			runOnlyForDeploymentPostprocessing = 0;
		};
/* End PBXResourcesBuildPhase section */

/* Begin PBXSourcesBuildPhase section */
		4BAD3CD328D0D66F001FA70C /* Sources */ = {
			isa = PBXSourcesBuildPhase;
			buildActionMask = 2147483647;
			files = (
				4BAD3CDF28D0D66F001FA70C /* ViewController.swift in Sources */,
				4BAD3CF328D0E81C001FA70C /* Game.swift in Sources */,
				4BAD3CDB28D0D66F001FA70C /* AppDelegate.swift in Sources */,
				4BAD3CDD28D0D66F001FA70C /* SceneDelegate.swift in Sources */,
				4BAD3CF128D0E029001FA70C /* Player.swift in Sources */,
				4BAD3CEF28D0D9E8001FA70C /* InGameVC.swift in Sources */,
				4B086A4528D34FB2002EF99B /* WinnerCordenates.swift in Sources */,
			);
			runOnlyForDeploymentPostprocessing = 0;
		};
/* End PBXSourcesBuildPhase section */

/* Begin PBXVariantGroup section */
		4BAD3CE028D0D66F001FA70C /* Main.storyboard */ = {
			isa = PBXVariantGroup;
			children = (
				4BAD3CE128D0D66F001FA70C /* Base */,
			);
			name = Main.storyboard;
			sourceTree = "<group>";
		};
		4BAD3CE528D0D670001FA70C /* LaunchScreen.storyboard */ = {
			isa = PBXVariantGroup;
			children = (
				4BAD3CE628D0D670001FA70C /* Base */,
			);
			name = LaunchScreen.storyboard;
			sourceTree = "<group>";
		};
/* End PBXVariantGroup section */

/* Begin XCBuildConfiguration section */
		4BAD3CE928D0D670001FA70C /* Debug */ = {
			isa = XCBuildConfiguration;
			buildSettings = {
				ALWAYS_SEARCH_USER_PATHS = NO;
				CLANG_ANALYZER_NONNULL = YES;
				CLANG_ANALYZER_NUMBER_OBJECT_CONVERSION = YES_AGGRESSIVE;
				CLANG_CXX_LANGUAGE_STANDARD = "gnu++17";
				CLANG_ENABLE_MODULES = YES;
				CLANG_ENABLE_OBJC_ARC = YES;
				CLANG_ENABLE_OBJC_WEAK = YES;
				CLANG_WARN_BLOCK_CAPTURE_AUTORELEASING = YES;
				CLANG_WARN_BOOL_CONVERSION = YES;
				CLANG_WARN_COMMA = YES;
				CLANG_WARN_CONSTANT_CONVERSION = YES;
				CLANG_WARN_DEPRECATED_OBJC_IMPLEMENTATIONS = YES;
				CLANG_WARN_DIRECT_OBJC_ISA_USAGE = YES_ERROR;
				CLANG_WARN_DOCUMENTATION_COMMENTS = YES;
				CLANG_WARN_EMPTY_BODY = YES;
				CLANG_WARN_ENUM_CONVERSION = YES;
				CLANG_WARN_INFINITE_RECURSION = YES;
				CLANG_WARN_INT_CONVERSION = YES;
				CLANG_WARN_NON_LITERAL_NULL_CONVERSION = YES;
				CLANG_WARN_OBJC_IMPLICIT_RETAIN_SELF = YES;
				CLANG_WARN_OBJC_LITERAL_CONVERSION = YES;
				CLANG_WARN_OBJC_ROOT_CLASS = YES_ERROR;
				CLANG_WARN_QUOTED_INCLUDE_IN_FRAMEWORK_HEADER = YES;
				CLANG_WARN_RANGE_LOOP_ANALYSIS = YES;
				CLANG_WARN_STRICT_PROTOTYPES = YES;
				CLANG_WARN_SUSPICIOUS_MOVE = YES;
				CLANG_WARN_UNGUARDED_AVAILABILITY = YES_AGGRESSIVE;
				CLANG_WARN_UNREACHABLE_CODE = YES;
				CLANG_WARN__DUPLICATE_METHOD_MATCH = YES;
				COPY_PHASE_STRIP = NO;
				DEBUG_INFORMATION_FORMAT = dwarf;
				ENABLE_STRICT_OBJC_MSGSEND = YES;
				ENABLE_TESTABILITY = YES;
				GCC_C_LANGUAGE_STANDARD = gnu11;
				GCC_DYNAMIC_NO_PIC = NO;
				GCC_NO_COMMON_BLOCKS = YES;
				GCC_OPTIMIZATION_LEVEL = 0;
				GCC_PREPROCESSOR_DEFINITIONS = (
					"DEBUG=1",
					"$(inherited)",
				);
				GCC_WARN_64_TO_32_BIT_CONVERSION = YES;
				GCC_WARN_ABOUT_RETURN_TYPE = YES_ERROR;
				GCC_WARN_UNDECLARED_SELECTOR = YES;
				GCC_WARN_UNINITIALIZED_AUTOS = YES_AGGRESSIVE;
				GCC_WARN_UNUSED_FUNCTION = YES;
				GCC_WARN_UNUSED_VARIABLE = YES;
				IPHONEOS_DEPLOYMENT_TARGET = 15.4;
				MTL_ENABLE_DEBUG_INFO = INCLUDE_SOURCE;
				MTL_FAST_MATH = YES;
				ONLY_ACTIVE_ARCH = YES;
				SDKROOT = iphoneos;
				SWIFT_ACTIVE_COMPILATION_CONDITIONS = DEBUG;
				SWIFT_OPTIMIZATION_LEVEL = "-Onone";
			};
			name = Debug;
		};
		4BAD3CEA28D0D670001FA70C /* Release */ = {
			isa = XCBuildConfiguration;
			buildSettings = {
				ALWAYS_SEARCH_USER_PATHS = NO;
				CLANG_ANALYZER_NONNULL = YES;
				CLANG_ANALYZER_NUMBER_OBJECT_CONVERSION = YES_AGGRESSIVE;
				CLANG_CXX_LANGUAGE_STANDARD = "gnu++17";
				CLANG_ENABLE_MODULES = YES;
				CLANG_ENABLE_OBJC_ARC = YES;
				CLANG_ENABLE_OBJC_WEAK = YES;
				CLANG_WARN_BLOCK_CAPTURE_AUTORELEASING = YES;
				CLANG_WARN_BOOL_CONVERSION = YES;
				CLANG_WARN_COMMA = YES;
				CLANG_WARN_CONSTANT_CONVERSION = YES;
				CLANG_WARN_DEPRECATED_OBJC_IMPLEMENTATIONS = YES;
				CLANG_WARN_DIRECT_OBJC_ISA_USAGE = YES_ERROR;
				CLANG_WARN_DOCUMENTATION_COMMENTS = YES;
				CLANG_WARN_EMPTY_BODY = YES;
				CLANG_WARN_ENUM_CONVERSION = YES;
				CLANG_WARN_INFINITE_RECURSION = YES;
				CLANG_WARN_INT_CONVERSION = YES;
				CLANG_WARN_NON_LITERAL_NULL_CONVERSION = YES;
				CLANG_WARN_OBJC_IMPLICIT_RETAIN_SELF = YES;
				CLANG_WARN_OBJC_LITERAL_CONVERSION = YES;
				CLANG_WARN_OBJC_ROOT_CLASS = YES_ERROR;
				CLANG_WARN_QUOTED_INCLUDE_IN_FRAMEWORK_HEADER = YES;
				CLANG_WARN_RANGE_LOOP_ANALYSIS = YES;
				CLANG_WARN_STRICT_PROTOTYPES = YES;
				CLANG_WARN_SUSPICIOUS_MOVE = YES;
				CLANG_WARN_UNGUARDED_AVAILABILITY = YES_AGGRESSIVE;
				CLANG_WARN_UNREACHABLE_CODE = YES;
				CLANG_WARN__DUPLICATE_METHOD_MATCH = YES;
				COPY_PHASE_STRIP = NO;
				DEBUG_INFORMATION_FORMAT = "dwarf-with-dsym";
				ENABLE_NS_ASSERTIONS = NO;
				ENABLE_STRICT_OBJC_MSGSEND = YES;
				GCC_C_LANGUAGE_STANDARD = gnu11;
				GCC_NO_COMMON_BLOCKS = YES;
				GCC_WARN_64_TO_32_BIT_CONVERSION = YES;
				GCC_WARN_ABOUT_RETURN_TYPE = YES_ERROR;
				GCC_WARN_UNDECLARED_SELECTOR = YES;
				GCC_WARN_UNINITIALIZED_AUTOS = YES_AGGRESSIVE;
				GCC_WARN_UNUSED_FUNCTION = YES;
				GCC_WARN_UNUSED_VARIABLE = YES;
				IPHONEOS_DEPLOYMENT_TARGET = 15.4;
				MTL_ENABLE_DEBUG_INFO = NO;
				MTL_FAST_MATH = YES;
				SDKROOT = iphoneos;
				SWIFT_COMPILATION_MODE = wholemodule;
				SWIFT_OPTIMIZATION_LEVEL = "-O";
				VALIDATE_PRODUCT = YES;
			};
			name = Release;
		};
		4BAD3CEC28D0D670001FA70C /* Debug */ = {
			isa = XCBuildConfiguration;
			buildSettings = {
				ASSETCATALOG_COMPILER_APPICON_NAME = AppIcon;
				ASSETCATALOG_COMPILER_GLOBAL_ACCENT_COLOR_NAME = AccentColor;
				CODE_SIGN_STYLE = Automatic;
				CURRENT_PROJECT_VERSION = 1;
				GENERATE_INFOPLIST_FILE = YES;
				INFOPLIST_FILE = OneRowInLine/Info.plist;
				INFOPLIST_KEY_UIApplicationSupportsIndirectInputEvents = YES;
				INFOPLIST_KEY_UILaunchStoryboardName = LaunchScreen;
				INFOPLIST_KEY_UIMainStoryboardFile = Main;
				INFOPLIST_KEY_UISupportedInterfaceOrientations = UIInterfaceOrientationPortrait;
				INFOPLIST_KEY_UISupportedInterfaceOrientations_iPad = "UIInterfaceOrientationPortrait UIInterfaceOrientationPortraitUpsideDown UIInterfaceOrientationLandscapeLeft UIInterfaceOrientationLandscapeRight";
				INFOPLIST_KEY_UISupportedInterfaceOrientations_iPhone = "UIInterfaceOrientationPortrait UIInterfaceOrientationLandscapeLeft UIInterfaceOrientationLandscapeRight";
				LD_RUNPATH_SEARCH_PATHS = (
					"$(inherited)",
					"@executable_path/Frameworks",
				);
				MARKETING_VERSION = 1.0;
				PRODUCT_BUNDLE_IDENTIFIER = gato.OneRowInLine;
				PRODUCT_NAME = "$(TARGET_NAME)";
				SWIFT_EMIT_LOC_STRINGS = YES;
				SWIFT_VERSION = 5.0;
				TARGETED_DEVICE_FAMILY = "1,2";
			};
			name = Debug;
		};
		4BAD3CED28D0D670001FA70C /* Release */ = {
			isa = XCBuildConfiguration;
			buildSettings = {
				ASSETCATALOG_COMPILER_APPICON_NAME = AppIcon;
				ASSETCATALOG_COMPILER_GLOBAL_ACCENT_COLOR_NAME = AccentColor;
				CODE_SIGN_STYLE = Automatic;
				CURRENT_PROJECT_VERSION = 1;
				GENERATE_INFOPLIST_FILE = YES;
				INFOPLIST_FILE = OneRowInLine/Info.plist;
				INFOPLIST_KEY_UIApplicationSupportsIndirectInputEvents = YES;
				INFOPLIST_KEY_UILaunchStoryboardName = LaunchScreen;
				INFOPLIST_KEY_UIMainStoryboardFile = Main;
				INFOPLIST_KEY_UISupportedInterfaceOrientations = UIInterfaceOrientationPortrait;
				INFOPLIST_KEY_UISupportedInterfaceOrientations_iPad = "UIInterfaceOrientationPortrait UIInterfaceOrientationPortraitUpsideDown UIInterfaceOrientationLandscapeLeft UIInterfaceOrientationLandscapeRight";
				INFOPLIST_KEY_UISupportedInterfaceOrientations_iPhone = "UIInterfaceOrientationPortrait UIInterfaceOrientationLandscapeLeft UIInterfaceOrientationLandscapeRight";
				LD_RUNPATH_SEARCH_PATHS = (
					"$(inherited)",
					"@executable_path/Frameworks",
				);
				MARKETING_VERSION = 1.0;
				PRODUCT_BUNDLE_IDENTIFIER = gato.OneRowInLine;
				PRODUCT_NAME = "$(TARGET_NAME)";
				SWIFT_EMIT_LOC_STRINGS = YES;
				SWIFT_VERSION = 5.0;
				TARGETED_DEVICE_FAMILY = "1,2";
			};
			name = Release;
		};
/* End XCBuildConfiguration section */

/* Begin XCConfigurationList section */
		4BAD3CD228D0D66F001FA70C /* Build configuration list for PBXProject "OneRowInLine" */ = {
			isa = XCConfigurationList;
			buildConfigurations = (
				4BAD3CE928D0D670001FA70C /* Debug */,
				4BAD3CEA28D0D670001FA70C /* Release */,
			);
			defaultConfigurationIsVisible = 0;
			defaultConfigurationName = Release;
		};
		4BAD3CEB28D0D670001FA70C /* Build configuration list for PBXNativeTarget "OneRowInLine" */ = {
			isa = XCConfigurationList;
			buildConfigurations = (
				4BAD3CEC28D0D670001FA70C /* Debug */,
				4BAD3CED28D0D670001FA70C /* Release */,
			);
			defaultConfigurationIsVisible = 0;
			defaultConfigurationName = Release;
		};
/* End XCConfigurationList section */
	};
	rootObject = 4BAD3CCF28D0D66F001FA70C /* Project object */;
}
